
Microsoft Visual Studio Solution File, Format Version 12.00
# Visual Studio Version 17
VisualStudioVersion = 17.8.34330.188
MinimumVisualStudioVersion = 10.0.40219.1
Project("{9A19103F-16F7-4668-BE54-9A1E7A4F7556}") = "Tests", "Tests\Tests.csproj", "{2C5824EE-CF62-4795-96F4-BEDF30FACC47}"
EndProject
Project("{FAE04EC0-301F-11D3-BF4B-00C04F79EFBC}") = "CryptoTracker.Core", "CryptoTracker.Core\CryptoTracker.Core.csproj", "{C5B807D5-1F27-4511-8E76-75F68DE916C5}"
EndProject
Project("{FAE04EC0-301F-11D3-BF4B-00C04F79EFBC}") = "CryptoTracker.ConsoleApp", "CryptoTracker.ConsoleApp\CryptoTracker.ConsoleApp.csproj", "{AA4040F7-EA30-4BA8-9DBF-33563660A15D}"
EndProject
Global
	GlobalSection(SolutionConfigurationPlatforms) = preSolution
		Debug|Any CPU = Debug|Any CPU
		Release|Any CPU = Release|Any CPU
	EndGlobalSection
	GlobalSection(ProjectConfigurationPlatforms) = postSolution
		{2C5824EE-CF62-4795-96F4-BEDF30FACC47}.Debug|Any CPU.ActiveCfg = Debug|Any CPU
		{2C5824EE-CF62-4795-96F4-BEDF30FACC47}.Debug|Any CPU.Build.0 = Debug|Any CPU
		{2C5824EE-CF62-4795-96F4-BEDF30FACC47}.Release|Any CPU.ActiveCfg = Release|Any CPU
		{2C5824EE-CF62-4795-96F4-BEDF30FACC47}.Release|Any CPU.Build.0 = Release|Any CPU
		{C5B807D5-1F27-4511-8E76-75F68DE916C5}.Debug|Any CPU.ActiveCfg = Debug|Any CPU
		{C5B807D5-1F27-4511-8E76-75F68DE916C5}.Debug|Any CPU.Build.0 = Debug|Any CPU
		{C5B807D5-1F27-4511-8E76-75F68DE916C5}.Release|Any CPU.ActiveCfg = Release|Any CPU
		{C5B807D5-1F27-4511-8E76-75F68DE916C5}.Release|Any CPU.Build.0 = Release|Any CPU
		{AA4040F7-EA30-4BA8-9DBF-33563660A15D}.Debug|Any CPU.ActiveCfg = Debug|Any CPU
		{AA4040F7-EA30-4BA8-9DBF-33563660A15D}.Debug|Any CPU.Build.0 = Debug|Any CPU
		{AA4040F7-EA30-4BA8-9DBF-33563660A15D}.Release|Any CPU.ActiveCfg = Release|Any CPU
		{AA4040F7-EA30-4BA8-9DBF-33563660A15D}.Release|Any CPU.Build.0 = Release|Any CPU
	EndGlobalSection
	GlobalSection(SolutionProperties) = preSolution
		HideSolutionNode = FALSE
	EndGlobalSection
	GlobalSection(ExtensibilityGlobals) = postSolution
		SolutionGuid = {23ED5738-724F-4838-B56A-88D7A015D20B}
	EndGlobalSection
EndGlobal
